
Microsoft Visual Studio Solution File, Format Version 12.00
# Visual Studio 15
VisualStudioVersion = 15.0.26124.0
MinimumVisualStudioVersion = 15.0.26124.0
Project("{FAE04EC0-301F-11D3-BF4B-00C04F79EFBC}") = "Quiz.Domain", "Quiz.Domain\Quiz.Domain.csproj", "{8103A444-3C92-4B67-94ED-5ADBB7960BF1}"
EndProject
Project("{FAE04EC0-301F-11D3-BF4B-00C04F79EFBC}") = "Quiz.Domain.Api", "Quiz.Domain.Api\Quiz.Domain.Api.csproj", "{EDB52C07-9DB3-4772-AF2E-EEF5C00C929D}"
EndProject
Project("{FAE04EC0-301F-11D3-BF4B-00C04F79EFBC}") = "Quiz.Domain.Infra", "Quiz.Domain.Infra\Quiz.Domain.Infra.csproj", "{F7C25D68-2B6C-46BA-A737-194D6335EEAA}"
EndProject
Global
	GlobalSection(SolutionConfigurationPlatforms) = preSolution
		Debug|Any CPU = Debug|Any CPU
		Debug|x64 = Debug|x64
		Debug|x86 = Debug|x86
		Release|Any CPU = Release|Any CPU
		Release|x64 = Release|x64
		Release|x86 = Release|x86
	EndGlobalSection
	GlobalSection(SolutionProperties) = preSolution
		HideSolutionNode = FALSE
	EndGlobalSection
	GlobalSection(ProjectConfigurationPlatforms) = postSolution
		{8103A444-3C92-4B67-94ED-5ADBB7960BF1}.Debug|Any CPU.ActiveCfg = Debug|Any CPU
		{8103A444-3C92-4B67-94ED-5ADBB7960BF1}.Debug|Any CPU.Build.0 = Debug|Any CPU
		{8103A444-3C92-4B67-94ED-5ADBB7960BF1}.Debug|x64.ActiveCfg = Debug|Any CPU
		{8103A444-3C92-4B67-94ED-5ADBB7960BF1}.Debug|x64.Build.0 = Debug|Any CPU
		{8103A444-3C92-4B67-94ED-5ADBB7960BF1}.Debug|x86.ActiveCfg = Debug|Any CPU
		{8103A444-3C92-4B67-94ED-5ADBB7960BF1}.Debug|x86.Build.0 = Debug|Any CPU
		{8103A444-3C92-4B67-94ED-5ADBB7960BF1}.Release|Any CPU.ActiveCfg = Release|Any CPU
		{8103A444-3C92-4B67-94ED-5ADBB7960BF1}.Release|Any CPU.Build.0 = Release|Any CPU
		{8103A444-3C92-4B67-94ED-5ADBB7960BF1}.Release|x64.ActiveCfg = Release|Any CPU
		{8103A444-3C92-4B67-94ED-5ADBB7960BF1}.Release|x64.Build.0 = Release|Any CPU
		{8103A444-3C92-4B67-94ED-5ADBB7960BF1}.Release|x86.ActiveCfg = Release|Any CPU
		{8103A444-3C92-4B67-94ED-5ADBB7960BF1}.Release|x86.Build.0 = Release|Any CPU
		{EDB52C07-9DB3-4772-AF2E-EEF5C00C929D}.Debug|Any CPU.ActiveCfg = Debug|Any CPU
		{EDB52C07-9DB3-4772-AF2E-EEF5C00C929D}.Debug|Any CPU.Build.0 = Debug|Any CPU
		{EDB52C07-9DB3-4772-AF2E-EEF5C00C929D}.Debug|x64.ActiveCfg = Debug|Any CPU
		{EDB52C07-9DB3-4772-AF2E-EEF5C00C929D}.Debug|x64.Build.0 = Debug|Any CPU
		{EDB52C07-9DB3-4772-AF2E-EEF5C00C929D}.Debug|x86.ActiveCfg = Debug|Any CPU
		{EDB52C07-9DB3-4772-AF2E-EEF5C00C929D}.Debug|x86.Build.0 = Debug|Any CPU
		{EDB52C07-9DB3-4772-AF2E-EEF5C00C929D}.Release|Any CPU.ActiveCfg = Release|Any CPU
		{EDB52C07-9DB3-4772-AF2E-EEF5C00C929D}.Release|Any CPU.Build.0 = Release|Any CPU
		{EDB52C07-9DB3-4772-AF2E-EEF5C00C929D}.Release|x64.ActiveCfg = Release|Any CPU
		{EDB52C07-9DB3-4772-AF2E-EEF5C00C929D}.Release|x64.Build.0 = Release|Any CPU
		{EDB52C07-9DB3-4772-AF2E-EEF5C00C929D}.Release|x86.ActiveCfg = Release|Any CPU
		{EDB52C07-9DB3-4772-AF2E-EEF5C00C929D}.Release|x86.Build.0 = Release|Any CPU
		{F7C25D68-2B6C-46BA-A737-194D6335EEAA}.Debug|Any CPU.ActiveCfg = Debug|Any CPU
		{F7C25D68-2B6C-46BA-A737-194D6335EEAA}.Debug|Any CPU.Build.0 = Debug|Any CPU
		{F7C25D68-2B6C-46BA-A737-194D6335EEAA}.Debug|x64.ActiveCfg = Debug|Any CPU
		{F7C25D68-2B6C-46BA-A737-194D6335EEAA}.Debug|x64.Build.0 = Debug|Any CPU
		{F7C25D68-2B6C-46BA-A737-194D6335EEAA}.Debug|x86.ActiveCfg = Debug|Any CPU
		{F7C25D68-2B6C-46BA-A737-194D6335EEAA}.Debug|x86.Build.0 = Debug|Any CPU
		{F7C25D68-2B6C-46BA-A737-194D6335EEAA}.Release|Any CPU.ActiveCfg = Release|Any CPU
		{F7C25D68-2B6C-46BA-A737-194D6335EEAA}.Release|Any CPU.Build.0 = Release|Any CPU
		{F7C25D68-2B6C-46BA-A737-194D6335EEAA}.Release|x64.ActiveCfg = Release|Any CPU
		{F7C25D68-2B6C-46BA-A737-194D6335EEAA}.Release|x64.Build.0 = Release|Any CPU
		{F7C25D68-2B6C-46BA-A737-194D6335EEAA}.Release|x86.ActiveCfg = Release|Any CPU
		{F7C25D68-2B6C-46BA-A737-194D6335EEAA}.Release|x86.Build.0 = Release|Any CPU
	EndGlobalSection
EndGlobal
